
Microsoft Visual Studio Solution File, Format Version 12.00
# Visual Studio Version 17
VisualStudioVersion = 17.1.32210.238
MinimumVisualStudioVersion = 10.0.40219.1
Project("{9A19103F-16F7-4668-BE54-9A1E7A4F7556}") = "MyMath", "MyMath\MyMath.csproj", "{E29EC6EF-5E51-4C7F-BB07-9FB19208B51D}"
EndProject
Project("{FAE04EC0-301F-11D3-BF4B-00C04F79EFBC}") = "MathTests", "MathTests\MathTests.csproj", "{981A37D7-3B19-4F54-A99F-6319AA35DEC8}"
EndProject
Project("{2150E333-8FDC-42A3-9474-1A3956D46DE8}") = "Solution Items", "Solution Items", "{56DA2147-1E4A-42C9-A6D7-95D132766F16}"
	ProjectSection(SolutionItems) = preProject
		README.md = README.md
	EndProjectSection
EndProject
Global
	GlobalSection(SolutionConfigurationPlatforms) = preSolution
		Debug|Any CPU = Debug|Any CPU
		Release|Any CPU = Release|Any CPU
	EndGlobalSection
	GlobalSection(ProjectConfigurationPlatforms) = postSolution
		{E29EC6EF-5E51-4C7F-BB07-9FB19208B51D}.Debug|Any CPU.ActiveCfg = Debug|Any CPU
		{E29EC6EF-5E51-4C7F-BB07-9FB19208B51D}.Debug|Any CPU.Build.0 = Debug|Any CPU
		{E29EC6EF-5E51-4C7F-BB07-9FB19208B51D}.Release|Any CPU.ActiveCfg = Release|Any CPU
		{E29EC6EF-5E51-4C7F-BB07-9FB19208B51D}.Release|Any CPU.Build.0 = Release|Any CPU
		{981A37D7-3B19-4F54-A99F-6319AA35DEC8}.Debug|Any CPU.ActiveCfg = Debug|Any CPU
		{981A37D7-3B19-4F54-A99F-6319AA35DEC8}.Debug|Any CPU.Build.0 = Debug|Any CPU
		{981A37D7-3B19-4F54-A99F-6319AA35DEC8}.Release|Any CPU.ActiveCfg = Release|Any CPU
		{981A37D7-3B19-4F54-A99F-6319AA35DEC8}.Release|Any CPU.Build.0 = Release|Any CPU
	EndGlobalSection
	GlobalSection(SolutionProperties) = preSolution
		HideSolutionNode = FALSE
	EndGlobalSection
	GlobalSection(ExtensibilityGlobals) = postSolution
		SolutionGuid = {B315CE11-5A84-4F29-A397-B48132D6DD7C}
	EndGlobalSection
EndGlobal
